
Microsoft Visual Studio Solution File, Format Version 12.00
# Visual Studio Version 17
VisualStudioVersion = 17.5.33424.131
MinimumVisualStudioVersion = 10.0.40219.1
Project("{FAE04EC0-301F-11D3-BF4B-00C04F79EFBC}") = "LeaveManagement.Web", "LeaveManagement.Web\LeaveManagement.Web.csproj", "{4271D00C-D2DA-4259-BB57-6EC1B66F8134}"
EndProject
Global
	GlobalSection(SolutionConfigurationPlatforms) = preSolution
		Debug|Any CPU = Debug|Any CPU
		Release|Any CPU = Release|Any CPU
	EndGlobalSection
	GlobalSection(ProjectConfigurationPlatforms) = postSolution
		{4271D00C-D2DA-4259-BB57-6EC1B66F8134}.Debug|Any CPU.ActiveCfg = Debug|Any CPU
		{4271D00C-D2DA-4259-BB57-6EC1B66F8134}.Debug|Any CPU.Build.0 = Debug|Any CPU
		{4271D00C-D2DA-4259-BB57-6EC1B66F8134}.Release|Any CPU.ActiveCfg = Release|Any CPU
		{4271D00C-D2DA-4259-BB57-6EC1B66F8134}.Release|Any CPU.Build.0 = Release|Any CPU
	EndGlobalSection
	GlobalSection(SolutionProperties) = preSolution
		HideSolutionNode = FALSE
	EndGlobalSection
	GlobalSection(ExtensibilityGlobals) = postSolution
		SolutionGuid = {EFCD13DE-38B6-4B4A-B094-D5839D55F83C}
	EndGlobalSection
EndGlobal
